
Microsoft Visual Studio Solution File, Format Version 12.00
# Visual Studio Version 17
VisualStudioVersion = 17.13.35825.156 d17.13
MinimumVisualStudioVersion = 10.0.40219.1
Project("{F2A71F9B-5D33-465A-A702-920D77279786}") = "MyFSharpApp", "MyFSharpApp.fsproj", "{B59DBE60-7E28-495D-7276-41267BAB5EB0}"
EndProject
Global
	GlobalSection(SolutionConfigurationPlatforms) = preSolution
		Debug|Any CPU = Debug|Any CPU
		Release|Any CPU = Release|Any CPU
	EndGlobalSection
	GlobalSection(ProjectConfigurationPlatforms) = postSolution
		{B59DBE60-7E28-495D-7276-41267BAB5EB0}.Debug|Any CPU.ActiveCfg = Debug|Any CPU
		{B59DBE60-7E28-495D-7276-41267BAB5EB0}.Debug|Any CPU.Build.0 = Debug|Any CPU
		{B59DBE60-7E28-495D-7276-41267BAB5EB0}.Release|Any CPU.ActiveCfg = Release|Any CPU
		{B59DBE60-7E28-495D-7276-41267BAB5EB0}.Release|Any CPU.Build.0 = Release|Any CPU
	EndGlobalSection
	GlobalSection(SolutionProperties) = preSolution
		HideSolutionNode = FALSE
	EndGlobalSection
	GlobalSection(ExtensibilityGlobals) = postSolution
		SolutionGuid = {5DBDF004-C7F8-4507-9BB7-5F9C6C761D82}
	EndGlobalSection
EndGlobal
